// !$*UTF8*$!
{
	archiveVersion = 1;
	classes = {
	};
	objectVersion = 46;
	objects = {

/* Begin PBXBuildFile section */
		4114110A1DF55F8400E737BA /* AppDelegate.swift in Sources */ = {isa = PBXBuildFile; fileRef = 411411091DF55F8400E737BA /* AppDelegate.swift */; };
		4114110C1DF55F8400E737BA /* ViewController.swift in Sources */ = {isa = PBXBuildFile; fileRef = 4114110B1DF55F8400E737BA /* ViewController.swift */; };
		4114110F1DF55F8400E737BA /* Main.storyboard in Resources */ = {isa = PBXBuildFile; fileRef = 4114110D1DF55F8400E737BA /* Main.storyboard */; };
		411411111DF55F8400E737BA /* Assets.xcassets in Resources */ = {isa = PBXBuildFile; fileRef = 411411101DF55F8400E737BA /* Assets.xcassets */; };
		411411141DF55F8400E737BA /* LaunchScreen.storyboard in Resources */ = {isa = PBXBuildFile; fileRef = 411411121DF55F8400E737BA /* LaunchScreen.storyboard */; };
		411411341DF56BD600E737BA /* ImoTableView.framework in Frameworks */ = {isa = PBXBuildFile; fileRef = 411411331DF56BD600E737BA /* ImoTableView.framework */; };
		411411351DF56BD600E737BA /* ImoTableView.framework in Embed Frameworks */ = {isa = PBXBuildFile; fileRef = 411411331DF56BD600E737BA /* ImoTableView.framework */; settings = {ATTRIBUTES = (CodeSignOnCopy, RemoveHeadersOnCopy, ); }; };
		411411451DF5794600E737BA /* Cell & Cell Source 2.xctemplate in Resources */ = {isa = PBXBuildFile; fileRef = 411411441DF5794600E737BA /* Cell & Cell Source 2.xctemplate */; };
/* End PBXBuildFile section */

/* Begin PBXCopyFilesBuildPhase section */
		411411361DF56BD600E737BA /* Embed Frameworks */ = {
			isa = PBXCopyFilesBuildPhase;
			buildActionMask = 2147483647;
			dstPath = "";
			dstSubfolderSpec = 10;
			files = (
				411411351DF56BD600E737BA /* ImoTableView.framework in Embed Frameworks */,
			);
			name = "Embed Frameworks";
			runOnlyForDeploymentPostprocessing = 0;
		};
/* End PBXCopyFilesBuildPhase section */

/* Begin PBXFileReference section */
		411411061DF55F8400E737BA /* ImoTableViewTemplates.app */ = {isa = PBXFileReference; explicitFileType = wrapper.application; includeInIndex = 0; path = ImoTableViewTemplates.app; sourceTree = BUILT_PRODUCTS_DIR; };
		411411091DF55F8400E737BA /* AppDelegate.swift */ = {isa = PBXFileReference; lastKnownFileType = sourcecode.swift; path = AppDelegate.swift; sourceTree = "<group>"; };
		4114110B1DF55F8400E737BA /* ViewController.swift */ = {isa = PBXFileReference; lastKnownFileType = sourcecode.swift; path = ViewController.swift; sourceTree = "<group>"; };
		4114110E1DF55F8400E737BA /* Base */ = {isa = PBXFileReference; lastKnownFileType = file.storyboard; name = Base; path = Base.lproj/Main.storyboard; sourceTree = "<group>"; };
		411411101DF55F8400E737BA /* Assets.xcassets */ = {isa = PBXFileReference; lastKnownFileType = folder.assetcatalog; path = Assets.xcassets; sourceTree = "<group>"; };
		411411131DF55F8400E737BA /* Base */ = {isa = PBXFileReference; lastKnownFileType = file.storyboard; name = Base; path = Base.lproj/LaunchScreen.storyboard; sourceTree = "<group>"; };
		411411151DF55F8400E737BA /* Info.plist */ = {isa = PBXFileReference; lastKnownFileType = text.plist.xml; path = Info.plist; sourceTree = "<group>"; };
		411411331DF56BD600E737BA /* ImoTableView.framework */ = {isa = PBXFileReference; explicitFileType = wrapper.framework; path = ImoTableView.framework; sourceTree = BUILT_PRODUCTS_DIR; };
		411411441DF5794600E737BA /* Cell & Cell Source 2.xctemplate */ = {isa = PBXFileReference; lastKnownFileType = folder; path = "Cell & Cell Source 2.xctemplate"; sourceTree = "<group>"; };
/* End PBXFileReference section */

/* Begin PBXFrameworksBuildPhase section */
		411411031DF55F8400E737BA /* Frameworks */ = {
			isa = PBXFrameworksBuildPhase;
			buildActionMask = 2147483647;
			files = (
				411411341DF56BD600E737BA /* ImoTableView.framework in Frameworks */,
			);
			runOnlyForDeploymentPostprocessing = 0;
		};
/* End PBXFrameworksBuildPhase section */

/* Begin PBXGroup section */
		411410FD1DF55F8400E737BA = {
			isa = PBXGroup;
			children = (
				411411081DF55F8400E737BA /* ImoTableViewTemplates */,
				411411071DF55F8400E737BA /* Products */,
				411411371DF56BDA00E737BA /* Embedded */,
			);
			sourceTree = "<group>";
		};
		411411071DF55F8400E737BA /* Products */ = {
			isa = PBXGroup;
			children = (
				411411061DF55F8400E737BA /* ImoTableViewTemplates.app */,
			);
			name = Products;
			sourceTree = "<group>";
		};
		411411081DF55F8400E737BA /* ImoTableViewTemplates */ = {
			isa = PBXGroup;
			children = (
				411411091DF55F8400E737BA /* AppDelegate.swift */,
				4114110B1DF55F8400E737BA /* ViewController.swift */,
				411411441DF5794600E737BA /* Cell & Cell Source 2.xctemplate */,
				4114110D1DF55F8400E737BA /* Main.storyboard */,
				411411101DF55F8400E737BA /* Assets.xcassets */,
				411411121DF55F8400E737BA /* LaunchScreen.storyboard */,
				411411151DF55F8400E737BA /* Info.plist */,
			);
			path = ImoTableViewTemplates;
			sourceTree = "<group>";
		};
		411411371DF56BDA00E737BA /* Embedded */ = {
			isa = PBXGroup;
			children = (
				411411331DF56BD600E737BA /* ImoTableView.framework */,
			);
			name = Embedded;
			sourceTree = "<group>";
		};
/* End PBXGroup section */

/* Begin PBXNativeTarget section */
		411411051DF55F8400E737BA /* ImoTableViewTemplates */ = {
			isa = PBXNativeTarget;
			buildConfigurationList = 411411181DF55F8400E737BA /* Build configuration list for PBXNativeTarget "ImoTableViewTemplates" */;
			buildPhases = (
				411411021DF55F8400E737BA /* Sources */,
				411411031DF55F8400E737BA /* Frameworks */,
				411411041DF55F8400E737BA /* Resources */,
				411411361DF56BD600E737BA /* Embed Frameworks */,
			);
			buildRules = (
			);
			dependencies = (
			);
			name = ImoTableViewTemplates;
			productName = ImoTableViewTemplates;
			productReference = 411411061DF55F8400E737BA /* ImoTableViewTemplates.app */;
			productType = "com.apple.product-type.application";
		};
/* End PBXNativeTarget section */

/* Begin PBXProject section */
		411410FE1DF55F8400E737BA /* Project object */ = {
			isa = PBXProject;
			attributes = {
				LastSwiftUpdateCheck = 0810;
				LastUpgradeCheck = 0810;
				ORGANIZATIONNAME = Imodeveloperlab;
				TargetAttributes = {
					411411051DF55F8400E737BA = {
						CreatedOnToolsVersion = 8.1;
						ProvisioningStyle = Automatic;
					};
				};
			};
			buildConfigurationList = 411411011DF55F8400E737BA /* Build configuration list for PBXProject "ImoTableViewTemplates" */;
			compatibilityVersion = "Xcode 3.2";
			developmentRegion = English;
			hasScannedForEncodings = 0;
			knownRegions = (
				en,
				Base,
			);
			mainGroup = 411410FD1DF55F8400E737BA;
			productRefGroup = 411411071DF55F8400E737BA /* Products */;
			projectDirPath = "";
			projectRoot = "";
			targets = (
				411411051DF55F8400E737BA /* ImoTableViewTemplates */,
			);
		};
/* End PBXProject section */

/* Begin PBXResourcesBuildPhase section */
		411411041DF55F8400E737BA /* Resources */ = {
			isa = PBXResourcesBuildPhase;
			buildActionMask = 2147483647;
			files = (
				411411141DF55F8400E737BA /* LaunchScreen.storyboard in Resources */,
				411411451DF5794600E737BA /* Cell & Cell Source 2.xctemplate in Resources */,
				411411111DF55F8400E737BA /* Assets.xcassets in Resources */,
				4114110F1DF55F8400E737BA /* Main.storyboard in Resources */,
			);
			runOnlyForDeploymentPostprocessing = 0;
		};
/* End PBXResourcesBuildPhase section */

/* Begin PBXSourcesBuildPhase section */
		411411021DF55F8400E737BA /* Sources */ = {
			isa = PBXSourcesBuildPhase;
			buildActionMask = 2147483647;
			files = (
				4114110C1DF55F8400E737BA /* ViewController.swift in Sources */,
				4114110A1DF55F8400E737BA /* AppDelegate.swift in Sources */,
			);
			runOnlyForDeploymentPostprocessing = 0;
		};
/* End PBXSourcesBuildPhase section */

/* Begin PBXVariantGroup section */
		4114110D1DF55F8400E737BA /* Main.storyboard */ = {
			isa = PBXVariantGroup;
			children = (
				4114110E1DF55F8400E737BA /* Base */,
			);
			name = Main.storyboard;
			sourceTree = "<group>";
		};
		411411121DF55F8400E737BA /* LaunchScreen.storyboard */ = {
			isa = PBXVariantGroup;
			children = (
				411411131DF55F8400E737BA /* Base */,
			);
			name = LaunchScreen.storyboard;
			sourceTree = "<group>";
		};
/* End PBXVariantGroup section */

/* Begin XCBuildConfiguration section */
		411411161DF55F8400E737BA /* Debug */ = {
			isa = XCBuildConfiguration;
			buildSettings = {
				ALWAYS_SEARCH_USER_PATHS = NO;
				CLANG_ANALYZER_NONNULL = YES;
				CLANG_CXX_LANGUAGE_STANDARD = "gnu++0x";
				CLANG_CXX_LIBRARY = "libc++";
				CLANG_ENABLE_MODULES = YES;
				CLANG_ENABLE_OBJC_ARC = YES;
				CLANG_WARN_BOOL_CONVERSION = YES;
				CLANG_WARN_CONSTANT_CONVERSION = YES;
				CLANG_WARN_DIRECT_OBJC_ISA_USAGE = YES_ERROR;
				CLANG_WARN_DOCUMENTATION_COMMENTS = YES;
				CLANG_WARN_EMPTY_BODY = YES;
				CLANG_WARN_ENUM_CONVERSION = YES;
				CLANG_WARN_INFINITE_RECURSION = YES;
				CLANG_WARN_INT_CONVERSION = YES;
				CLANG_WARN_OBJC_ROOT_CLASS = YES_ERROR;
				CLANG_WARN_SUSPICIOUS_MOVES = YES;
				CLANG_WARN_UNREACHABLE_CODE = YES;
				CLANG_WARN__DUPLICATE_METHOD_MATCH = YES;
				"CODE_SIGN_IDENTITY[sdk=iphoneos*]" = "iPhone Developer";
				COPY_PHASE_STRIP = NO;
				DEBUG_INFORMATION_FORMAT = dwarf;
				ENABLE_STRICT_OBJC_MSGSEND = YES;
				ENABLE_TESTABILITY = YES;
				GCC_C_LANGUAGE_STANDARD = gnu99;
				GCC_DYNAMIC_NO_PIC = NO;
				GCC_NO_COMMON_BLOCKS = YES;
				GCC_OPTIMIZATION_LEVEL = 0;
				GCC_PREPROCESSOR_DEFINITIONS = (
					"DEBUG=1",
					"$(inherited)",
				);
				GCC_WARN_64_TO_32_BIT_CONVERSION = YES;
				GCC_WARN_ABOUT_RETURN_TYPE = YES_ERROR;
				GCC_WARN_UNDECLARED_SELECTOR = YES;
				GCC_WARN_UNINITIALIZED_AUTOS = YES_AGGRESSIVE;
				GCC_WARN_UNUSED_FUNCTION = YES;
				GCC_WARN_UNUSED_VARIABLE = YES;
				IPHONEOS_DEPLOYMENT_TARGET = 10.1;
				MTL_ENABLE_DEBUG_INFO = YES;
				ONLY_ACTIVE_ARCH = YES;
				SDKROOT = iphoneos;
				SWIFT_ACTIVE_COMPILATION_CONDITIONS = DEBUG;
				SWIFT_OPTIMIZATION_LEVEL = "-Onone";
			};
			name = Debug;
		};
		411411171DF55F8400E737BA /* Release */ = {
			isa = XCBuildConfiguration;
			buildSettings = {
				ALWAYS_SEARCH_USER_PATHS = NO;
				CLANG_ANALYZER_NONNULL = YES;
				CLANG_CXX_LANGUAGE_STANDARD = "gnu++0x";
				CLANG_CXX_LIBRARY = "libc++";
				CLANG_ENABLE_MODULES = YES;
				CLANG_ENABLE_OBJC_ARC = YES;
				CLANG_WARN_BOOL_CONVERSION = YES;
				CLANG_WARN_CONSTANT_CONVERSION = YES;
				CLANG_WARN_DIRECT_OBJC_ISA_USAGE = YES_ERROR;
				CLANG_WARN_DOCUMENTATION_COMMENTS = YES;
				CLANG_WARN_EMPTY_BODY = YES;
				CLANG_WARN_ENUM_CONVERSION = YES;
				CLANG_WARN_INFINITE_RECURSION = YES;
				CLANG_WARN_INT_CONVERSION = YES;
				CLANG_WARN_OBJC_ROOT_CLASS = YES_ERROR;
				CLANG_WARN_SUSPICIOUS_MOVES = YES;
				CLANG_WARN_UNREACHABLE_CODE = YES;
				CLANG_WARN__DUPLICATE_METHOD_MATCH = YES;
				"CODE_SIGN_IDENTITY[sdk=iphoneos*]" = "iPhone Developer";
				COPY_PHASE_STRIP = NO;
				DEBUG_INFORMATION_FORMAT = "dwarf-with-dsym";
				ENABLE_NS_ASSERTIONS = NO;
				ENABLE_STRICT_OBJC_MSGSEND = YES;
				GCC_C_LANGUAGE_STANDARD = gnu99;
				GCC_NO_COMMON_BLOCKS = YES;
				GCC_WARN_64_TO_32_BIT_CONVERSION = YES;
				GCC_WARN_ABOUT_RETURN_TYPE = YES_ERROR;
				GCC_WARN_UNDECLARED_SELECTOR = YES;
				GCC_WARN_UNINITIALIZED_AUTOS = YES_AGGRESSIVE;
				GCC_WARN_UNUSED_FUNCTION = YES;
				GCC_WARN_UNUSED_VARIABLE = YES;
				IPHONEOS_DEPLOYMENT_TARGET = 10.1;
				MTL_ENABLE_DEBUG_INFO = NO;
				SDKROOT = iphoneos;
				SWIFT_OPTIMIZATION_LEVEL = "-Owholemodule";
				VALIDATE_PRODUCT = YES;
			};
			name = Release;
		};
		411411191DF55F8400E737BA /* Debug */ = {
			isa = XCBuildConfiguration;
			buildSettings = {
				ASSETCATALOG_COMPILER_APPICON_NAME = AppIcon;
				INFOPLIST_FILE = ImoTableViewTemplates/Info.plist;
				LD_RUNPATH_SEARCH_PATHS = "$(inherited) @executable_path/Frameworks";
				PRODUCT_BUNDLE_IDENTIFIER = Imodeveloperlab.ImoTableViewTemplates;
				PRODUCT_NAME = "$(TARGET_NAME)";
				SWIFT_VERSION = 3.0;
			};
			name = Debug;
		};
		4114111A1DF55F8400E737BA /* Release */ = {
			isa = XCBuildConfiguration;
			buildSettings = {
				ASSETCATALOG_COMPILER_APPICON_NAME = AppIcon;
				INFOPLIST_FILE = ImoTableViewTemplates/Info.plist;
				LD_RUNPATH_SEARCH_PATHS = "$(inherited) @executable_path/Frameworks";
				PRODUCT_BUNDLE_IDENTIFIER = Imodeveloperlab.ImoTableViewTemplates;
				PRODUCT_NAME = "$(TARGET_NAME)";
				SWIFT_VERSION = 3.0;
			};
			name = Release;
		};
/* End XCBuildConfiguration section */

/* Begin XCConfigurationList section */
		411411011DF55F8400E737BA /* Build configuration list for PBXProject "ImoTableViewTemplates" */ = {
			isa = XCConfigurationList;
			buildConfigurations = (
				411411161DF55F8400E737BA /* Debug */,
				411411171DF55F8400E737BA /* Release */,
			);
			defaultConfigurationIsVisible = 0;
			defaultConfigurationName = Release;
		};
		411411181DF55F8400E737BA /* Build configuration list for PBXNativeTarget "ImoTableViewTemplates" */ = {
			isa = XCConfigurationList;
			buildConfigurations = (
				411411191DF55F8400E737BA /* Debug */,
				4114111A1DF55F8400E737BA /* Release */,
			);
			defaultConfigurationIsVisible = 0;
			defaultConfigurationName = Release;
		};
/* End XCConfigurationList section */
	};
	rootObject = 411410FE1DF55F8400E737BA /* Project object */;
}
